
Microsoft Visual Studio Solution File, Format Version 12.00
# Visual Studio Version 17
VisualStudioVersion = 17.0.31808.319
MinimumVisualStudioVersion = 10.0.40219.1
Project("{9A19103F-16F7-4668-BE54-9A1E7A4F7556}") = "DocumentSplitting", "DocumentSplitting\DocumentSplitting.csproj", "{58E3C8AF-4952-4A38-889C-A9F5815C0CCF}"
EndProject
Project("{2150E333-8FDC-42A3-9474-1A3956D46DE8}") = "Latex", "Latex", "{DA93230C-C239-41ED-BEB0-D586482DC767}"
	ProjectSection(SolutionItems) = preProject
		Latex\Overleaf.txt = Latex\Overleaf.txt
	EndProjectSection
EndProject
Project("{2150E333-8FDC-42A3-9474-1A3956D46DE8}") = "Personal", "Personal", "{56C1519B-9D08-4E11-94FD-F93154529467}"
	ProjectSection(SolutionItems) = preProject
		Personal\CV.txt = Personal\CV.txt
	EndProjectSection
EndProject
Project("{2150E333-8FDC-42A3-9474-1A3956D46DE8}") = "Literature", "Literature", "{EFA67F18-0928-4D09-AAA0-2B72F35E0083}"
	ProjectSection(SolutionItems) = preProject
		Literature\Handleiding Afstudeerproject Bachelor Informatica - periode 2+3 2021.pdf = Literature\Handleiding Afstudeerproject Bachelor Informatica - periode 2+3 2021.pdf
		Literature\Referenties.txt = Literature\Referenties.txt
	EndProjectSection
EndProject
Project("{2150E333-8FDC-42A3-9474-1A3956D46DE8}") = "WOB", "WOB", "{27A1AC14-F503-4B96-8D9A-20C7BF354BCA}"
	ProjectSection(SolutionItems) = preProject
		WOB\2020-12-18_e894904cd8de2892fa1143092d638832.json = WOB\2020-12-18_e894904cd8de2892fa1143092d638832.json
		WOB\2021-02-12_f6a6f1e9d73ed2d0e66d22f1312a7641.json = WOB\2021-02-12_f6a6f1e9d73ed2d0e66d22f1312a7641.json
		WOB\2021-02-16_8c1da855d257e259b6bdee0c68f9c4f6.json = WOB\2021-02-16_8c1da855d257e259b6bdee0c68f9c4f6.json
		WOB\2021-02-18_41fedde7ea03bdd9ac5cd92c7f7cfd43.json = WOB\2021-02-18_41fedde7ea03bdd9ac5cd92c7f7cfd43.json
		WOB\2021-02-18_b1ab011d8ce964adfb85fd6d445e214b.json = WOB\2021-02-18_b1ab011d8ce964adfb85fd6d445e214b.json
		WOB\2021-02-18_c5744f2f99e5382c8d2e02ace719cade.json = WOB\2021-02-18_c5744f2f99e5382c8d2e02ace719cade.json
		WOB\2021-02-18_df75b6c01539a9a9670e85d6e4527dde.json = WOB\2021-02-18_df75b6c01539a9a9670e85d6e4527dde.json
		WOB\2021-02-18_f7d2c584e02753d4c615d8a3aad375d7.json = WOB\2021-02-18_f7d2c584e02753d4c615d8a3aad375d7.json
		WOB\2021-02-23_6840882ced849377be1bf609f3a54002.json = WOB\2021-02-23_6840882ced849377be1bf609f3a54002.json
		WOB\2021-02-23_80f41fe6be9b167bce0cd9cc87073ac0.json = WOB\2021-02-23_80f41fe6be9b167bce0cd9cc87073ac0.json
		WOB\2021-02-23_fc406f9a1e19428a996ca187ab93b4a2.json = WOB\2021-02-23_fc406f9a1e19428a996ca187ab93b4a2.json
		WOB\2021-02-25_de8e1dfc72dd024906006e90e69efe5a.json = WOB\2021-02-25_de8e1dfc72dd024906006e90e69efe5a.json
		WOB\2021-03-01_a89de70f832112daf6b6cad242f215ff.json = WOB\2021-03-01_a89de70f832112daf6b6cad242f215ff.json
		WOB\2021-03-03_14dc13e440430e32eb3d731b963c0e57.json = WOB\2021-03-03_14dc13e440430e32eb3d731b963c0e57.json
		WOB\2021-03-03_eaccfb88026cd4b72dabbac10364b9e4.json = WOB\2021-03-03_eaccfb88026cd4b72dabbac10364b9e4.json
		WOB\2021-03-04_ae8422be4243a2de5a18cf773bbc050c.json = WOB\2021-03-04_ae8422be4243a2de5a18cf773bbc050c.json
		WOB\2021-03-09_f791d70b38aa94e7b61666ec2b27a4d8.json = WOB\2021-03-09_f791d70b38aa94e7b61666ec2b27a4d8.json
		WOB\2021-03-22_51a2c7e46846e5d0f5b66f11f627cea9.json = WOB\2021-03-22_51a2c7e46846e5d0f5b66f11f627cea9.json
		WOB\2021-03-22_86f33b5884e2922c05105a825dd1965a.json = WOB\2021-03-22_86f33b5884e2922c05105a825dd1965a.json
		WOB\2021-03-29_a3ff649ea59908478cde58fa21760c0b.json = WOB\2021-03-29_a3ff649ea59908478cde58fa21760c0b.json
		WOB\2021-03-29_d7daa61a74b066a989f10f68261cfe94.json = WOB\2021-03-29_d7daa61a74b066a989f10f68261cfe94.json
		WOB\2021-03-29_fb2e15a16a314e4867257382da24896b.json = WOB\2021-03-29_fb2e15a16a314e4867257382da24896b.json
		WOB\2021-03-30_dda7f3e92c70dca1fa3ea7065b260be5.json = WOB\2021-03-30_dda7f3e92c70dca1fa3ea7065b260be5.json
		WOB\2021-03-31_78780746b972ec32aa354b00dff31209.json = WOB\2021-03-31_78780746b972ec32aa354b00dff31209.json
		WOB\2021-04-01_0068ed0b40cca6270f857d2614cc63c0.json = WOB\2021-04-01_0068ed0b40cca6270f857d2614cc63c0.json
		WOB\2021-04-01_34828b70c527f7eaa9f00a6f0b580bd7.json = WOB\2021-04-01_34828b70c527f7eaa9f00a6f0b580bd7.json
		WOB\2021-04-19_2fdbfdcfe2c1a823c5063b7d4892f81b.json = WOB\2021-04-19_2fdbfdcfe2c1a823c5063b7d4892f81b.json
		WOB\2021-04-19_73551ea514bcecbd2330ec6102c6f776.json = WOB\2021-04-19_73551ea514bcecbd2330ec6102c6f776.json
		WOB\2021-04-19_cda765b733568e3fab452ef4fa8a63ad.json = WOB\2021-04-19_cda765b733568e3fab452ef4fa8a63ad.json
		WOB\2021-04-22_698e15f74560d6d2e8168198fb6fbe44.json = WOB\2021-04-22_698e15f74560d6d2e8168198fb6fbe44.json
		WOB\2021-05-04_40f5564f839324b9af20c295dd261007.json = WOB\2021-05-04_40f5564f839324b9af20c295dd261007.json
		WOB\2021-05-04_cddd7df80f644b73ef97e30b9888245d.json = WOB\2021-05-04_cddd7df80f644b73ef97e30b9888245d.json
		WOB\2021-05-11_a64b5c35d53d2e33ad29c4c61018a7ea.json = WOB\2021-05-11_a64b5c35d53d2e33ad29c4c61018a7ea.json
		WOB\2021-05-11_fa1882d312db1389abfca529f31c3408.json = WOB\2021-05-11_fa1882d312db1389abfca529f31c3408.json
		WOB\2021-05-18_eb375aba46cb1fb46f895c04c1744906.json = WOB\2021-05-18_eb375aba46cb1fb46f895c04c1744906.json
		WOB\2021-05-25_f0a3fd8ea08f26d26fd059b0bf988127.json = WOB\2021-05-25_f0a3fd8ea08f26d26fd059b0bf988127.json
		WOB\2021-05-27_0427668d693a03d94e02b67ac2c58106.json = WOB\2021-05-27_0427668d693a03d94e02b67ac2c58106.json
		WOB\2021-06-02_da92c3ee15c6bd19686696fe88c6906f.json = WOB\2021-06-02_da92c3ee15c6bd19686696fe88c6906f.json
		WOB\2021-06-08_07e2b274045cb5b4f54371a3c905cae9.json = WOB\2021-06-08_07e2b274045cb5b4f54371a3c905cae9.json
		WOB\2021-06-08_d6b6d7c3080a7e30e39e8be2451f35d8.json = WOB\2021-06-08_d6b6d7c3080a7e30e39e8be2451f35d8.json
		WOB\2021-06-10_d8d9c5015c9ceb952052f29e1a27ed1f.json = WOB\2021-06-10_d8d9c5015c9ceb952052f29e1a27ed1f.json
		WOB\2021-06-14_82493e06e956a0262e67e32167c32ff4.json = WOB\2021-06-14_82493e06e956a0262e67e32167c32ff4.json
		WOB\2021-06-16_3441cf60e6981c7a2d61298d4253d1ad.json = WOB\2021-06-16_3441cf60e6981c7a2d61298d4253d1ad.json
		WOB\2021-06-16_8b8890d6058f24465456cc410f4262ae.json = WOB\2021-06-16_8b8890d6058f24465456cc410f4262ae.json
		WOB\2021-06-16_9904debed27dad3b6d502cc34e7f6e33.json = WOB\2021-06-16_9904debed27dad3b6d502cc34e7f6e33.json
		WOB\2021-06-16_ff9481e357a59c506fc16db2aab2411a.json = WOB\2021-06-16_ff9481e357a59c506fc16db2aab2411a.json
		WOB\2021-06-17_223faebe294474832f037356bf17b5bc.json = WOB\2021-06-17_223faebe294474832f037356bf17b5bc.json
		WOB\2021-06-17_cd7dd85ac9d4ba448977e064b28d5fcc.json = WOB\2021-06-17_cd7dd85ac9d4ba448977e064b28d5fcc.json
		WOB\2021-06-18_1f95307518dbf35411b62adbfce7ed15.json = WOB\2021-06-18_1f95307518dbf35411b62adbfce7ed15.json
		WOB\2021-06-22_54b73641825a229e04e5da3cbf89c3e0.json = WOB\2021-06-22_54b73641825a229e04e5da3cbf89c3e0.json
		WOB\2021-06-22_8fa815c695a9811628e76705e839dcbc.json = WOB\2021-06-22_8fa815c695a9811628e76705e839dcbc.json
		WOB\2021-06-22_99b444f2eab0dcc4abdb103e31e3908b.json = WOB\2021-06-22_99b444f2eab0dcc4abdb103e31e3908b.json
		WOB\2021-06-22_e9433af4886d592d60e44362ef90a7cf.json = WOB\2021-06-22_e9433af4886d592d60e44362ef90a7cf.json
		WOB\2021-06-24_438722eb04bf74450d7efc32afa0d0b9.json = WOB\2021-06-24_438722eb04bf74450d7efc32afa0d0b9.json
		WOB\2021-06-24_ec59d18227ae89899be3f69f57879a60.json = WOB\2021-06-24_ec59d18227ae89899be3f69f57879a60.json
		WOB\2021-07-06_78c3d4c6be0d1a290637fa8e01cdfbad.json = WOB\2021-07-06_78c3d4c6be0d1a290637fa8e01cdfbad.json
		WOB\2021-07-12_3eb1739eb67fd9a571289bbebf16c4b9.json = WOB\2021-07-12_3eb1739eb67fd9a571289bbebf16c4b9.json
		WOB\2021-07-22_c56dc5bb26e8d3b0380ea41d4f6c8748.json = WOB\2021-07-22_c56dc5bb26e8d3b0380ea41d4f6c8748.json
		WOB\2021-07-23_8e1ada20ffbd0997b2fe44747fc49f19.json = WOB\2021-07-23_8e1ada20ffbd0997b2fe44747fc49f19.json
		WOB\2021-07-26_3ee644b02189ec45794dd998ac5da5b5.json = WOB\2021-07-26_3ee644b02189ec45794dd998ac5da5b5.json
		WOB\2021-07-26_f5c3fd7acf596f8df50bcda7303a0b70.json = WOB\2021-07-26_f5c3fd7acf596f8df50bcda7303a0b70.json
		WOB\2021-07-27_c8ac2523e330bab1b6b562f8713764b3.json = WOB\2021-07-27_c8ac2523e330bab1b6b562f8713764b3.json
		WOB\2021-07-27_d0a3da65f9764d0d423718e662182c11.json = WOB\2021-07-27_d0a3da65f9764d0d423718e662182c11.json
		WOB\2021-08-04_f38ebe070e06430b0c2793fd3fe8801b.json = WOB\2021-08-04_f38ebe070e06430b0c2793fd3fe8801b.json
		WOB\2021-08-05_4991dc6aed6e1369f58e6bc1996d5e2d.json = WOB\2021-08-05_4991dc6aed6e1369f58e6bc1996d5e2d.json
		WOB\2021-08-16_17967f10340f6de2a79ba984209b4a2c.json = WOB\2021-08-16_17967f10340f6de2a79ba984209b4a2c.json
		WOB\2021-09-01_d0fab54975f9caaec53a4c6e3ad57648.json = WOB\2021-09-01_d0fab54975f9caaec53a4c6e3ad57648.json
		WOB\2021-09-01_eb49db950c55a1adcdbd5cc7f6b2a6de.json = WOB\2021-09-01_eb49db950c55a1adcdbd5cc7f6b2a6de.json
		WOB\2021-09-03_ac1b0066de078a580f45adf952e7765d.json = WOB\2021-09-03_ac1b0066de078a580f45adf952e7765d.json
		WOB\2021-09-03_b752f2f8f1fc2db6fe146785b4b521a3.json = WOB\2021-09-03_b752f2f8f1fc2db6fe146785b4b521a3.json
		WOB\2021-09-14_b94e37a9ec63bab6641ff1f07e69d4ea.json = WOB\2021-09-14_b94e37a9ec63bab6641ff1f07e69d4ea.json
		WOB\2021-09-20_aeeca81933bd364431043daf14635f3a.json = WOB\2021-09-20_aeeca81933bd364431043daf14635f3a.json
		WOB\2021-09-21_d2cd89fed32b99f5794b24dabef1f43b.json = WOB\2021-09-21_d2cd89fed32b99f5794b24dabef1f43b.json
		WOB\2021-09-21_d3581109c8c5876da8795f87eb424634.json = WOB\2021-09-21_d3581109c8c5876da8795f87eb424634.json
		WOB\2021-09-23_ead1c275659a6b2ed2b8415e2c119d76.json = WOB\2021-09-23_ead1c275659a6b2ed2b8415e2c119d76.json
		WOB\2021-10-04_2c4079ccaad78e8d2cb494681ae79928.json = WOB\2021-10-04_2c4079ccaad78e8d2cb494681ae79928.json
		WOB\2021-10-04_cc88761bb30f2a23117493a36a71dbac.json = WOB\2021-10-04_cc88761bb30f2a23117493a36a71dbac.json
		WOB\2021-10-05_0272cdb141e62321341591f0959794a2.json = WOB\2021-10-05_0272cdb141e62321341591f0959794a2.json
		WOB\2021-10-12_af354e4966a914add60d84129ac68740.json = WOB\2021-10-12_af354e4966a914add60d84129ac68740.json
		WOB\2021-10-15_f302ea548db6360a784e8a5e365efe3e.json = WOB\2021-10-15_f302ea548db6360a784e8a5e365efe3e.json
		WOB\2021-10-15_f34f76aa8f6f74f87417751b46110a76.json = WOB\2021-10-15_f34f76aa8f6f74f87417751b46110a76.json
		WOB\2021-10-19_70efcade2f4827654ed8e7908deb4f3c.json = WOB\2021-10-19_70efcade2f4827654ed8e7908deb4f3c.json
		WOB\2021-10-19_8a676a3415d986008b02572cb9310894.json = WOB\2021-10-19_8a676a3415d986008b02572cb9310894.json
		WOB\2021-10-20_3fa52482438ed25b69b0be300baaf3c0.json = WOB\2021-10-20_3fa52482438ed25b69b0be300baaf3c0.json
		WOB\2021-10-21_439285231fa523a74c430da4a2704fab.json = WOB\2021-10-21_439285231fa523a74c430da4a2704fab.json
		WOB\API.txt = WOB\API.txt
	EndProjectSection
EndProject
Project("{9092AA53-FB77-4645-B42D-1CCCA6BD08BD}") = "WobRetrievalTool", "WobRetrievalTool\WobRetrievalTool.njsproj", "{C6EDFEA9-81C7-443A-BDB4-53FA1268EC1F}"
EndProject
Project("{9A19103F-16F7-4668-BE54-9A1E7A4F7556}") = "DocumentModels", "DocumentModels\DocumentModels.csproj", "{ED803CCF-0DF6-4E5F-ABD8-89C475D6BE27}"
EndProject
Global
	GlobalSection(SolutionConfigurationPlatforms) = preSolution
		Debug|Any CPU = Debug|Any CPU
		Release|Any CPU = Release|Any CPU
	EndGlobalSection
	GlobalSection(ProjectConfigurationPlatforms) = postSolution
		{58E3C8AF-4952-4A38-889C-A9F5815C0CCF}.Debug|Any CPU.ActiveCfg = Debug|Any CPU
		{58E3C8AF-4952-4A38-889C-A9F5815C0CCF}.Debug|Any CPU.Build.0 = Debug|Any CPU
		{58E3C8AF-4952-4A38-889C-A9F5815C0CCF}.Release|Any CPU.ActiveCfg = Release|Any CPU
		{58E3C8AF-4952-4A38-889C-A9F5815C0CCF}.Release|Any CPU.Build.0 = Release|Any CPU
		{C6EDFEA9-81C7-443A-BDB4-53FA1268EC1F}.Debug|Any CPU.ActiveCfg = Debug|Any CPU
		{C6EDFEA9-81C7-443A-BDB4-53FA1268EC1F}.Debug|Any CPU.Build.0 = Debug|Any CPU
		{C6EDFEA9-81C7-443A-BDB4-53FA1268EC1F}.Release|Any CPU.ActiveCfg = Release|Any CPU
		{C6EDFEA9-81C7-443A-BDB4-53FA1268EC1F}.Release|Any CPU.Build.0 = Release|Any CPU
		{ED803CCF-0DF6-4E5F-ABD8-89C475D6BE27}.Debug|Any CPU.ActiveCfg = Debug|Any CPU
		{ED803CCF-0DF6-4E5F-ABD8-89C475D6BE27}.Debug|Any CPU.Build.0 = Debug|Any CPU
		{ED803CCF-0DF6-4E5F-ABD8-89C475D6BE27}.Release|Any CPU.ActiveCfg = Release|Any CPU
		{ED803CCF-0DF6-4E5F-ABD8-89C475D6BE27}.Release|Any CPU.Build.0 = Release|Any CPU
	EndGlobalSection
	GlobalSection(SolutionProperties) = preSolution
		HideSolutionNode = FALSE
	EndGlobalSection
	GlobalSection(ExtensibilityGlobals) = postSolution
		SolutionGuid = {51ACD15C-C17F-4611-8DF3-1148BBF2671B}
	EndGlobalSection
EndGlobal
